
Microsoft Visual Studio Solution File, Format Version 12.00
# Visual Studio 15
VisualStudioVersion = 15.0.28010.2048
MinimumVisualStudioVersion = 10.0.40219.1
Project("{FAE04EC0-301F-11D3-BF4B-00C04F79EFBC}") = "HW05062019_SingletonWatch", "HW05062019_SingletonWatch\HW05062019_SingletonWatch.csproj", "{BF73D7E2-E35C-4606-AEC6-23770863EA7F}"
EndProject
Global
	GlobalSection(SolutionConfigurationPlatforms) = preSolution
		Debug|Any CPU = Debug|Any CPU
		Release|Any CPU = Release|Any CPU
	EndGlobalSection
	GlobalSection(ProjectConfigurationPlatforms) = postSolution
		{BF73D7E2-E35C-4606-AEC6-23770863EA7F}.Debug|Any CPU.ActiveCfg = Debug|Any CPU
		{BF73D7E2-E35C-4606-AEC6-23770863EA7F}.Debug|Any CPU.Build.0 = Debug|Any CPU
		{BF73D7E2-E35C-4606-AEC6-23770863EA7F}.Release|Any CPU.ActiveCfg = Release|Any CPU
		{BF73D7E2-E35C-4606-AEC6-23770863EA7F}.Release|Any CPU.Build.0 = Release|Any CPU
	EndGlobalSection
	GlobalSection(SolutionProperties) = preSolution
		HideSolutionNode = FALSE
	EndGlobalSection
	GlobalSection(ExtensibilityGlobals) = postSolution
		SolutionGuid = {9D8EF239-9E80-4614-9EE5-783C07FFCAC3}
	EndGlobalSection
EndGlobal
